// !$*UTF8*$!
{
	archiveVersion = 1;
	classes = {
	};
	objectVersion = 46;
	objects = {

/* Begin PBXBuildFile section */
		423E56FF19DE8D87A0ACA989 /* RDRaceInfoViewControllerTests.m in Sources */ = {isa = PBXBuildFile; fileRef = 6DA60B0D8DCD10908926702C /* RDRaceInfoViewControllerTests.m */; };
		53268D0D72936815D1F90016 /* RDRaceInfoRouter.m in Sources */ = {isa = PBXBuildFile; fileRef = D7AAB5226148FF41EB83F52D /* RDRaceInfoRouter.m */; };
		55E3A35BBB2D00E6D4067D94 /* RDRaceInfoPresenterTests.m in Sources */ = {isa = PBXBuildFile; fileRef = 9F8ABA8367EF27892C19A424 /* RDRaceInfoPresenterTests.m */; };
		6A35ADECABDC6DE0C994AFFD /* RDRaceInfoViewController.m in Sources */ = {isa = PBXBuildFile; fileRef = DF60BBB3CB634DC0A03BBF38 /* RDRaceInfoViewController.m */; };
		6FCA96B1EDA38574843F245C /* RDRaceInfoAssembly.m in Sources */ = {isa = PBXBuildFile; fileRef = 6074F4912C81A61209826DF1 /* RDRaceInfoAssembly.m */; };
		71F725CE71231A377F37CAC8 /* RDRaceInfoAssemblyTests.m in Sources */ = {isa = PBXBuildFile; fileRef = AEB02E3640F0B4368E7E7994 /* RDRaceInfoAssemblyTests.m */; };
		89633CFED7A9A032B02A6F5F /* RDRaceInfoPresenter.m in Sources */ = {isa = PBXBuildFile; fileRef = 9959A86F72DB26A9BFA42B72 /* RDRaceInfoPresenter.m */; };
		A291AAD9579617DAD6912114 /* RDRaceInfoRouterTests.m in Sources */ = {isa = PBXBuildFile; fileRef = DFA1E14FD003170927F6D4B3 /* RDRaceInfoRouterTests.m */; };
		C032758513CD50AD2F773B89 /* libPods-RaceDataTests.a in Frameworks */ = {isa = PBXBuildFile; fileRef = B799FD0017030DE8E037FC72 /* libPods-RaceDataTests.a */; };
		C49B34A3C54EB2B058FA614C /* libPods.a in Frameworks */ = {isa = PBXBuildFile; fileRef = 246D2E616803E256E80DD860 /* libPods.a */; };
		DC927A50CB78E133DF5C8818 /* RDRaceInfoInteractorTests.m in Sources */ = {isa = PBXBuildFile; fileRef = 44643B1B4F7CB51662C395BC /* RDRaceInfoInteractorTests.m */; };
		DDA4A46AC6ABA7703163E531 /* RDRaceInfoInteractor.m in Sources */ = {isa = PBXBuildFile; fileRef = 0CCB48953ABF330D4F2605FB /* RDRaceInfoInteractor.m */; };
		F58FE7C51C1C66980098D8CE /* main.m in Sources */ = {isa = PBXBuildFile; fileRef = F58FE7C41C1C66980098D8CE /* main.m */; };
		F58FE7C81C1C66980098D8CE /* AppDelegate.m in Sources */ = {isa = PBXBuildFile; fileRef = F58FE7C71C1C66980098D8CE /* AppDelegate.m */; };
		F58FE7CE1C1C66980098D8CE /* Main.storyboard in Resources */ = {isa = PBXBuildFile; fileRef = F58FE7CC1C1C66980098D8CE /* Main.storyboard */; };
		F58FE7D01C1C66980098D8CE /* Assets.xcassets in Resources */ = {isa = PBXBuildFile; fileRef = F58FE7CF1C1C66980098D8CE /* Assets.xcassets */; };
		F58FE7D31C1C66980098D8CE /* LaunchScreen.storyboard in Resources */ = {isa = PBXBuildFile; fileRef = F58FE7D11C1C66980098D8CE /* LaunchScreen.storyboard */; };
		F58FE7DE1C1C66980098D8CE /* RaceDataTests.m in Sources */ = {isa = PBXBuildFile; fileRef = F58FE7DD1C1C66980098D8CE /* RaceDataTests.m */; };
/* End PBXBuildFile section */

/* Begin PBXContainerItemProxy section */
		F58FE7DA1C1C66980098D8CE /* PBXContainerItemProxy */ = {
			isa = PBXContainerItemProxy;
			containerPortal = F58FE7B81C1C66980098D8CE /* Project object */;
			proxyType = 1;
			remoteGlobalIDString = F58FE7BF1C1C66980098D8CE;
			remoteInfo = RaceData;
		};
/* End PBXContainerItemProxy section */

/* Begin PBXFileReference section */
		069EADD2EBBCE5D098234498 /* RDRaceInfoViewOutput.h */ = {isa = PBXFileReference; includeInIndex = 1; lastKnownFileType = sourcecode.c.h; name = RDRaceInfoViewOutput.h; path = RaceInfo/View/RDRaceInfoViewOutput.h; sourceTree = "<group>"; };
		0C76F4F001C43353D3F36073 /* Pods-RaceDataTests.debug.xcconfig */ = {isa = PBXFileReference; includeInIndex = 1; lastKnownFileType = text.xcconfig; name = "Pods-RaceDataTests.debug.xcconfig"; path = "Pods/Target Support Files/Pods-RaceDataTests/Pods-RaceDataTests.debug.xcconfig"; sourceTree = "<group>"; };
		0CCB48953ABF330D4F2605FB /* RDRaceInfoInteractor.m */ = {isa = PBXFileReference; includeInIndex = 1; lastKnownFileType = sourcecode.c.objc; name = RDRaceInfoInteractor.m; path = RaceInfo/Interactor/RDRaceInfoInteractor.m; sourceTree = "<group>"; };
		0D85AD66B79411C6519966D6 /* Pods.release.xcconfig */ = {isa = PBXFileReference; includeInIndex = 1; lastKnownFileType = text.xcconfig; name = Pods.release.xcconfig; path = "Pods/Target Support Files/Pods/Pods.release.xcconfig"; sourceTree = "<group>"; };
		1759C751891EFCF6798CDE95 /* Pods.debug.xcconfig */ = {isa = PBXFileReference; includeInIndex = 1; lastKnownFileType = text.xcconfig; name = Pods.debug.xcconfig; path = "Pods/Target Support Files/Pods/Pods.debug.xcconfig"; sourceTree = "<group>"; };
		238AEC08833B6E26223DE920 /* RDRaceInfoInteractorInput.h */ = {isa = PBXFileReference; includeInIndex = 1; lastKnownFileType = sourcecode.c.h; name = RDRaceInfoInteractorInput.h; path = RaceInfo/Interactor/RDRaceInfoInteractorInput.h; sourceTree = "<group>"; };
		246D2E616803E256E80DD860 /* libPods.a */ = {isa = PBXFileReference; explicitFileType = archive.ar; includeInIndex = 0; path = libPods.a; sourceTree = BUILT_PRODUCTS_DIR; };
		25A103550A7989F7D3B355FF /* RDRaceInfoPresenter.h */ = {isa = PBXFileReference; includeInIndex = 1; lastKnownFileType = sourcecode.c.h; name = RDRaceInfoPresenter.h; path = RaceInfo/Presenter/RDRaceInfoPresenter.h; sourceTree = "<group>"; };
		3DAAA17819F7350C5E3501B0 /* Pods-RaceDataTests.release.xcconfig */ = {isa = PBXFileReference; includeInIndex = 1; lastKnownFileType = text.xcconfig; name = "Pods-RaceDataTests.release.xcconfig"; path = "Pods/Target Support Files/Pods-RaceDataTests/Pods-RaceDataTests.release.xcconfig"; sourceTree = "<group>"; };
		44643B1B4F7CB51662C395BC /* RDRaceInfoInteractorTests.m */ = {isa = PBXFileReference; includeInIndex = 1; lastKnownFileType = sourcecode.c.objc; name = RDRaceInfoInteractorTests.m; path = RaceInfo/Interactor/RDRaceInfoInteractorTests.m; sourceTree = "<group>"; };
		596802974A6FFA37691D3DDC /* RDRaceInfoInteractor.h */ = {isa = PBXFileReference; includeInIndex = 1; lastKnownFileType = sourcecode.c.h; name = RDRaceInfoInteractor.h; path = RaceInfo/Interactor/RDRaceInfoInteractor.h; sourceTree = "<group>"; };
		6074F4912C81A61209826DF1 /* RDRaceInfoAssembly.m */ = {isa = PBXFileReference; includeInIndex = 1; lastKnownFileType = sourcecode.c.objc; name = RDRaceInfoAssembly.m; path = RaceInfo/Assembly/RDRaceInfoAssembly.m; sourceTree = "<group>"; };
		6DA60B0D8DCD10908926702C /* RDRaceInfoViewControllerTests.m */ = {isa = PBXFileReference; includeInIndex = 1; lastKnownFileType = sourcecode.c.objc; name = RDRaceInfoViewControllerTests.m; path = RaceInfo/View/RDRaceInfoViewControllerTests.m; sourceTree = "<group>"; };
		9959A86F72DB26A9BFA42B72 /* RDRaceInfoPresenter.m */ = {isa = PBXFileReference; includeInIndex = 1; lastKnownFileType = sourcecode.c.objc; name = RDRaceInfoPresenter.m; path = RaceInfo/Presenter/RDRaceInfoPresenter.m; sourceTree = "<group>"; };
		9D57BB44BF416CD20DC20086 /* RDRaceInfoRouterInput.h */ = {isa = PBXFileReference; includeInIndex = 1; lastKnownFileType = sourcecode.c.h; name = RDRaceInfoRouterInput.h; path = RaceInfo/Router/RDRaceInfoRouterInput.h; sourceTree = "<group>"; };
		9F8ABA8367EF27892C19A424 /* RDRaceInfoPresenterTests.m */ = {isa = PBXFileReference; includeInIndex = 1; lastKnownFileType = sourcecode.c.objc; name = RDRaceInfoPresenterTests.m; path = RaceInfo/Presenter/RDRaceInfoPresenterTests.m; sourceTree = "<group>"; };
		AEB02E3640F0B4368E7E7994 /* RDRaceInfoAssemblyTests.m */ = {isa = PBXFileReference; includeInIndex = 1; lastKnownFileType = sourcecode.c.objc; name = RDRaceInfoAssemblyTests.m; path = RaceInfo/Assembly/RDRaceInfoAssemblyTests.m; sourceTree = "<group>"; };
		B799FD0017030DE8E037FC72 /* libPods-RaceDataTests.a */ = {isa = PBXFileReference; explicitFileType = archive.ar; includeInIndex = 0; path = "libPods-RaceDataTests.a"; sourceTree = BUILT_PRODUCTS_DIR; };
		BA428A44ABDC629E7635D1A9 /* RDRaceInfoInteractorOutput.h */ = {isa = PBXFileReference; includeInIndex = 1; lastKnownFileType = sourcecode.c.h; name = RDRaceInfoInteractorOutput.h; path = RaceInfo/Interactor/RDRaceInfoInteractorOutput.h; sourceTree = "<group>"; };
		BAC27CF96786147B3BB56D72 /* RDRaceInfoModuleInput.h */ = {isa = PBXFileReference; includeInIndex = 1; lastKnownFileType = sourcecode.c.h; name = RDRaceInfoModuleInput.h; path = RaceInfo/Presenter/RDRaceInfoModuleInput.h; sourceTree = "<group>"; };
		C15170DFD4AA4D97334158F9 /* RDRaceInfoViewInput.h */ = {isa = PBXFileReference; includeInIndex = 1; lastKnownFileType = sourcecode.c.h; name = RDRaceInfoViewInput.h; path = RaceInfo/View/RDRaceInfoViewInput.h; sourceTree = "<group>"; };
		D0993F3D3549355F973C89BF /* RDRaceInfoRouter.h */ = {isa = PBXFileReference; includeInIndex = 1; lastKnownFileType = sourcecode.c.h; name = RDRaceInfoRouter.h; path = RaceInfo/Router/RDRaceInfoRouter.h; sourceTree = "<group>"; };
		D78CE58E5302827DB1ADEA8A /* RDRaceInfoViewController.h */ = {isa = PBXFileReference; includeInIndex = 1; lastKnownFileType = sourcecode.c.h; name = RDRaceInfoViewController.h; path = RaceInfo/View/RDRaceInfoViewController.h; sourceTree = "<group>"; };
		D7AAB5226148FF41EB83F52D /* RDRaceInfoRouter.m */ = {isa = PBXFileReference; includeInIndex = 1; lastKnownFileType = sourcecode.c.objc; name = RDRaceInfoRouter.m; path = RaceInfo/Router/RDRaceInfoRouter.m; sourceTree = "<group>"; };
		DC0D6693DE731CDF9F02E885 /* RDRaceInfoAssembly_Testable.h */ = {isa = PBXFileReference; includeInIndex = 1; lastKnownFileType = sourcecode.c.h; name = RDRaceInfoAssembly_Testable.h; path = RaceInfo/Assembly/RDRaceInfoAssembly_Testable.h; sourceTree = "<group>"; };
		DF60BBB3CB634DC0A03BBF38 /* RDRaceInfoViewController.m */ = {isa = PBXFileReference; includeInIndex = 1; lastKnownFileType = sourcecode.c.objc; name = RDRaceInfoViewController.m; path = RaceInfo/View/RDRaceInfoViewController.m; sourceTree = "<group>"; };
		DFA1E14FD003170927F6D4B3 /* RDRaceInfoRouterTests.m */ = {isa = PBXFileReference; includeInIndex = 1; lastKnownFileType = sourcecode.c.objc; name = RDRaceInfoRouterTests.m; path = RaceInfo/Router/RDRaceInfoRouterTests.m; sourceTree = "<group>"; };
		F39E383884F344FE10A88AD4 /* RDRaceInfoAssembly.h */ = {isa = PBXFileReference; includeInIndex = 1; lastKnownFileType = sourcecode.c.h; name = RDRaceInfoAssembly.h; path = RaceInfo/Assembly/RDRaceInfoAssembly.h; sourceTree = "<group>"; };
		F58FE7C01C1C66980098D8CE /* RaceData.app */ = {isa = PBXFileReference; explicitFileType = wrapper.application; includeInIndex = 0; path = RaceData.app; sourceTree = BUILT_PRODUCTS_DIR; };
		F58FE7C41C1C66980098D8CE /* main.m */ = {isa = PBXFileReference; lastKnownFileType = sourcecode.c.objc; path = main.m; sourceTree = "<group>"; };
		F58FE7C61C1C66980098D8CE /* AppDelegate.h */ = {isa = PBXFileReference; lastKnownFileType = sourcecode.c.h; path = AppDelegate.h; sourceTree = "<group>"; };
		F58FE7C71C1C66980098D8CE /* AppDelegate.m */ = {isa = PBXFileReference; lastKnownFileType = sourcecode.c.objc; path = AppDelegate.m; sourceTree = "<group>"; };
		F58FE7CD1C1C66980098D8CE /* Base */ = {isa = PBXFileReference; lastKnownFileType = file.storyboard; name = Base; path = Base.lproj/Main.storyboard; sourceTree = "<group>"; };
		F58FE7CF1C1C66980098D8CE /* Assets.xcassets */ = {isa = PBXFileReference; lastKnownFileType = folder.assetcatalog; path = Assets.xcassets; sourceTree = "<group>"; };
		F58FE7D21C1C66980098D8CE /* Base */ = {isa = PBXFileReference; lastKnownFileType = file.storyboard; name = Base; path = Base.lproj/LaunchScreen.storyboard; sourceTree = "<group>"; };
		F58FE7D41C1C66980098D8CE /* Info.plist */ = {isa = PBXFileReference; lastKnownFileType = text.plist.xml; path = Info.plist; sourceTree = "<group>"; };
		F58FE7D91C1C66980098D8CE /* RaceDataTests.xctest */ = {isa = PBXFileReference; explicitFileType = wrapper.cfbundle; includeInIndex = 0; path = RaceDataTests.xctest; sourceTree = BUILT_PRODUCTS_DIR; };
		F58FE7DD1C1C66980098D8CE /* RaceDataTests.m */ = {isa = PBXFileReference; lastKnownFileType = sourcecode.c.objc; path = RaceDataTests.m; sourceTree = "<group>"; };
		F58FE7DF1C1C66980098D8CE /* Info.plist */ = {isa = PBXFileReference; lastKnownFileType = text.plist.xml; path = Info.plist; sourceTree = "<group>"; };
/* End PBXFileReference section */

/* Begin PBXFrameworksBuildPhase section */
		F58FE7BD1C1C66980098D8CE /* Frameworks */ = {
			isa = PBXFrameworksBuildPhase;
			buildActionMask = 2147483647;
			files = (
				C49B34A3C54EB2B058FA614C /* libPods.a in Frameworks */,
			);
			runOnlyForDeploymentPostprocessing = 0;
		};
		F58FE7D61C1C66980098D8CE /* Frameworks */ = {
			isa = PBXFrameworksBuildPhase;
			buildActionMask = 2147483647;
			files = (
				C032758513CD50AD2F773B89 /* libPods-RaceDataTests.a in Frameworks */,
			);
			runOnlyForDeploymentPostprocessing = 0;
		};
/* End PBXFrameworksBuildPhase section */

/* Begin PBXGroup section */
		05DD144D027A647B1AE175A4 /* Presenter */ = {
			isa = PBXGroup;
			children = (
				9F8ABA8367EF27892C19A424 /* RDRaceInfoPresenterTests.m */,
			);
			name = Presenter;
			sourceTree = "<group>";
		};
		251637245DF3A69027784B1B /* View */ = {
			isa = PBXGroup;
			children = (
				6DA60B0D8DCD10908926702C /* RDRaceInfoViewControllerTests.m */,
			);
			name = View;
			sourceTree = "<group>";
		};
		2595C74C50961C35AA97D814 /* Interactor */ = {
			isa = PBXGroup;
			children = (
				44643B1B4F7CB51662C395BC /* RDRaceInfoInteractorTests.m */,
			);
			name = Interactor;
			sourceTree = "<group>";
		};
		3EFFA7DFCCCA868ECC3F3469 /* Router */ = {
			isa = PBXGroup;
			children = (
				9D57BB44BF416CD20DC20086 /* RDRaceInfoRouterInput.h */,
				D0993F3D3549355F973C89BF /* RDRaceInfoRouter.h */,
				D7AAB5226148FF41EB83F52D /* RDRaceInfoRouter.m */,
			);
			name = Router;
			sourceTree = "<group>";
		};
		40109186164569D1B87D48AF /* Frameworks */ = {
			isa = PBXGroup;
			children = (
				246D2E616803E256E80DD860 /* libPods.a */,
				B799FD0017030DE8E037FC72 /* libPods-RaceDataTests.a */,
			);
			name = Frameworks;
			sourceTree = "<group>";
		};
		437C8278B06F3D469FDA654C /* Pods */ = {
			isa = PBXGroup;
			children = (
				1759C751891EFCF6798CDE95 /* Pods.debug.xcconfig */,
				0D85AD66B79411C6519966D6 /* Pods.release.xcconfig */,
				0C76F4F001C43353D3F36073 /* Pods-RaceDataTests.debug.xcconfig */,
				3DAAA17819F7350C5E3501B0 /* Pods-RaceDataTests.release.xcconfig */,
			);
			name = Pods;
			sourceTree = "<group>";
		};
		44B96D12600D3D41AC4477A1 /* Interactor */ = {
			isa = PBXGroup;
			children = (
				238AEC08833B6E26223DE920 /* RDRaceInfoInteractorInput.h */,
				BA428A44ABDC629E7635D1A9 /* RDRaceInfoInteractorOutput.h */,
				596802974A6FFA37691D3DDC /* RDRaceInfoInteractor.h */,
				0CCB48953ABF330D4F2605FB /* RDRaceInfoInteractor.m */,
			);
			name = Interactor;
			sourceTree = "<group>";
		};
		4899DD69B4B97D568B8980AF /* Assembly */ = {
			isa = PBXGroup;
			children = (
				AEB02E3640F0B4368E7E7994 /* RDRaceInfoAssemblyTests.m */,
				DC0D6693DE731CDF9F02E885 /* RDRaceInfoAssembly_Testable.h */,
			);
			name = Assembly;
			sourceTree = "<group>";
		};
		4B451D47ACB1A9DC937E28B0 /* RaceInfo */ = {
			isa = PBXGroup;
			children = (
				E855F23152428E6863FC0AD1 /* Assembly */,
				992060EBC9228BB74D5B3221 /* View */,
				743215F599B7F17174E281A7 /* Presenter */,
				44B96D12600D3D41AC4477A1 /* Interactor */,
				3EFFA7DFCCCA868ECC3F3469 /* Router */,
			);
			name = RaceInfo;
			sourceTree = "<group>";
		};
		743215F599B7F17174E281A7 /* Presenter */ = {
			isa = PBXGroup;
			children = (
				BAC27CF96786147B3BB56D72 /* RDRaceInfoModuleInput.h */,
				25A103550A7989F7D3B355FF /* RDRaceInfoPresenter.h */,
				9959A86F72DB26A9BFA42B72 /* RDRaceInfoPresenter.m */,
			);
			name = Presenter;
			sourceTree = "<group>";
		};
		992060EBC9228BB74D5B3221 /* View */ = {
			isa = PBXGroup;
			children = (
				C15170DFD4AA4D97334158F9 /* RDRaceInfoViewInput.h */,
				069EADD2EBBCE5D098234498 /* RDRaceInfoViewOutput.h */,
				D78CE58E5302827DB1ADEA8A /* RDRaceInfoViewController.h */,
				DF60BBB3CB634DC0A03BBF38 /* RDRaceInfoViewController.m */,
			);
			name = View;
			sourceTree = "<group>";
		};
		A2C05C85488AA07E28C98F2C /* Router */ = {
			isa = PBXGroup;
			children = (
				DFA1E14FD003170927F6D4B3 /* RDRaceInfoRouterTests.m */,
			);
			name = Router;
			sourceTree = "<group>";
		};
		C5C978B36FD88DDCA65CFBA0 /* RaceInfo */ = {
			isa = PBXGroup;
			children = (
				4899DD69B4B97D568B8980AF /* Assembly */,
				251637245DF3A69027784B1B /* View */,
				05DD144D027A647B1AE175A4 /* Presenter */,
				2595C74C50961C35AA97D814 /* Interactor */,
				A2C05C85488AA07E28C98F2C /* Router */,
			);
			name = RaceInfo;
			sourceTree = "<group>";
		};
		E855F23152428E6863FC0AD1 /* Assembly */ = {
			isa = PBXGroup;
			children = (
				F39E383884F344FE10A88AD4 /* RDRaceInfoAssembly.h */,
				6074F4912C81A61209826DF1 /* RDRaceInfoAssembly.m */,
			);
			name = Assembly;
			sourceTree = "<group>";
		};
		F58FE7B71C1C66980098D8CE = {
			isa = PBXGroup;
			children = (
				F58FE7C21C1C66980098D8CE /* RaceData */,
				F58FE7DC1C1C66980098D8CE /* RaceDataTests */,
				F58FE7C11C1C66980098D8CE /* Products */,
				437C8278B06F3D469FDA654C /* Pods */,
				40109186164569D1B87D48AF /* Frameworks */,
			);
			sourceTree = "<group>";
		};
		F58FE7C11C1C66980098D8CE /* Products */ = {
			isa = PBXGroup;
			children = (
				F58FE7C01C1C66980098D8CE /* RaceData.app */,
				F58FE7D91C1C66980098D8CE /* RaceDataTests.xctest */,
			);
			name = Products;
			sourceTree = "<group>";
		};
		F58FE7C21C1C66980098D8CE /* RaceData */ = {
			isa = PBXGroup;
			children = (
				F58FE7C61C1C66980098D8CE /* AppDelegate.h */,
				F58FE7C71C1C66980098D8CE /* AppDelegate.m */,
				F58FE7CC1C1C66980098D8CE /* Main.storyboard */,
				F58FE7CF1C1C66980098D8CE /* Assets.xcassets */,
				F58FE7D11C1C66980098D8CE /* LaunchScreen.storyboard */,
				F58FE7D41C1C66980098D8CE /* Info.plist */,
				F58FE7C31C1C66980098D8CE /* Supporting Files */,
				4B451D47ACB1A9DC937E28B0 /* RaceInfo */,
			);
			path = RaceData;
			sourceTree = "<group>";
		};
		F58FE7C31C1C66980098D8CE /* Supporting Files */ = {
			isa = PBXGroup;
			children = (
				F58FE7C41C1C66980098D8CE /* main.m */,
			);
			name = "Supporting Files";
			sourceTree = "<group>";
		};
		F58FE7DC1C1C66980098D8CE /* RaceDataTests */ = {
			isa = PBXGroup;
			children = (
				F58FE7DD1C1C66980098D8CE /* RaceDataTests.m */,
				F58FE7DF1C1C66980098D8CE /* Info.plist */,
				C5C978B36FD88DDCA65CFBA0 /* RaceInfo */,
			);
			path = RaceDataTests;
			sourceTree = "<group>";
		};
/* End PBXGroup section */

/* Begin PBXNativeTarget section */
		F58FE7BF1C1C66980098D8CE /* RaceData */ = {
			isa = PBXNativeTarget;
			buildConfigurationList = F58FE7E21C1C66980098D8CE /* Build configuration list for PBXNativeTarget "RaceData" */;
			buildPhases = (
				E991A4B62042DCB3F300AD32 /* Check Pods Manifest.lock */,
				F58FE7BC1C1C66980098D8CE /* Sources */,
				F58FE7BD1C1C66980098D8CE /* Frameworks */,
				F58FE7BE1C1C66980098D8CE /* Resources */,
				A68FA78C1D1EF77FC47ABBC8 /* Embed Pods Frameworks */,
				404507C1E85A45458AC3CF43 /* Copy Pods Resources */,
			);
			buildRules = (
			);
			dependencies = (
			);
			name = RaceData;
			productName = RaceData;
			productReference = F58FE7C01C1C66980098D8CE /* RaceData.app */;
			productType = "com.apple.product-type.application";
		};
		F58FE7D81C1C66980098D8CE /* RaceDataTests */ = {
			isa = PBXNativeTarget;
			buildConfigurationList = F58FE7E51C1C66980098D8CE /* Build configuration list for PBXNativeTarget "RaceDataTests" */;
			buildPhases = (
				6E6C8BAE4FB1A7E5FB796995 /* Check Pods Manifest.lock */,
				F58FE7D51C1C66980098D8CE /* Sources */,
				F58FE7D61C1C66980098D8CE /* Frameworks */,
				F58FE7D71C1C66980098D8CE /* Resources */,
				CFF48978ADEF3647596DBCAF /* Embed Pods Frameworks */,
				F1AABDCAB3E1BE6E262ED24F /* Copy Pods Resources */,
			);
			buildRules = (
			);
			dependencies = (
				F58FE7DB1C1C66980098D8CE /* PBXTargetDependency */,
			);
			name = RaceDataTests;
			productName = RaceDataTests;
			productReference = F58FE7D91C1C66980098D8CE /* RaceDataTests.xctest */;
			productType = "com.apple.product-type.bundle.unit-test";
		};
/* End PBXNativeTarget section */

/* Begin PBXProject section */
		F58FE7B81C1C66980098D8CE /* Project object */ = {
			isa = PBXProject;
			attributes = {
				LastUpgradeCheck = 0720;
				ORGANIZATIONNAME = "Alan Kochev";
				TargetAttributes = {
					F58FE7BF1C1C66980098D8CE = {
						CreatedOnToolsVersion = 7.2;
					};
					F58FE7D81C1C66980098D8CE = {
						CreatedOnToolsVersion = 7.2;
						TestTargetID = F58FE7BF1C1C66980098D8CE;
					};
				};
			};
			buildConfigurationList = F58FE7BB1C1C66980098D8CE /* Build configuration list for PBXProject "RaceData" */;
			compatibilityVersion = "Xcode 3.2";
			developmentRegion = English;
			hasScannedForEncodings = 0;
			knownRegions = (
				en,
				Base,
			);
			mainGroup = F58FE7B71C1C66980098D8CE;
			productRefGroup = F58FE7C11C1C66980098D8CE /* Products */;
			projectDirPath = "";
			projectRoot = "";
			targets = (
				F58FE7BF1C1C66980098D8CE /* RaceData */,
				F58FE7D81C1C66980098D8CE /* RaceDataTests */,
			);
		};
/* End PBXProject section */

/* Begin PBXResourcesBuildPhase section */
		F58FE7BE1C1C66980098D8CE /* Resources */ = {
			isa = PBXResourcesBuildPhase;
			buildActionMask = 2147483647;
			files = (
				F58FE7D31C1C66980098D8CE /* LaunchScreen.storyboard in Resources */,
				F58FE7D01C1C66980098D8CE /* Assets.xcassets in Resources */,
				F58FE7CE1C1C66980098D8CE /* Main.storyboard in Resources */,
			);
			runOnlyForDeploymentPostprocessing = 0;
		};
		F58FE7D71C1C66980098D8CE /* Resources */ = {
			isa = PBXResourcesBuildPhase;
			buildActionMask = 2147483647;
			files = (
			);
			runOnlyForDeploymentPostprocessing = 0;
		};
/* End PBXResourcesBuildPhase section */

/* Begin PBXShellScriptBuildPhase section */
		404507C1E85A45458AC3CF43 /* Copy Pods Resources */ = {
			isa = PBXShellScriptBuildPhase;
			buildActionMask = 2147483647;
			files = (
			);
			inputPaths = (
			);
			name = "Copy Pods Resources";
			outputPaths = (
			);
			runOnlyForDeploymentPostprocessing = 0;
			shellPath = /bin/sh;
			shellScript = "\"${SRCROOT}/Pods/Target Support Files/Pods/Pods-resources.sh\"\n";
			showEnvVarsInLog = 0;
		};
		6E6C8BAE4FB1A7E5FB796995 /* Check Pods Manifest.lock */ = {
			isa = PBXShellScriptBuildPhase;
			buildActionMask = 2147483647;
			files = (
			);
			inputPaths = (
			);
			name = "Check Pods Manifest.lock";
			outputPaths = (
			);
			runOnlyForDeploymentPostprocessing = 0;
			shellPath = /bin/sh;
			shellScript = "diff \"${PODS_ROOT}/../Podfile.lock\" \"${PODS_ROOT}/Manifest.lock\" > /dev/null\nif [[ $? != 0 ]] ; then\n    cat << EOM\nerror: The sandbox is not in sync with the Podfile.lock. Run 'pod install' or update your CocoaPods installation.\nEOM\n    exit 1\nfi\n";
			showEnvVarsInLog = 0;
		};
		A68FA78C1D1EF77FC47ABBC8 /* Embed Pods Frameworks */ = {
			isa = PBXShellScriptBuildPhase;
			buildActionMask = 2147483647;
			files = (
			);
			inputPaths = (
			);
			name = "Embed Pods Frameworks";
			outputPaths = (
			);
			runOnlyForDeploymentPostprocessing = 0;
			shellPath = /bin/sh;
			shellScript = "\"${SRCROOT}/Pods/Target Support Files/Pods/Pods-frameworks.sh\"\n";
			showEnvVarsInLog = 0;
		};
		CFF48978ADEF3647596DBCAF /* Embed Pods Frameworks */ = {
			isa = PBXShellScriptBuildPhase;
			buildActionMask = 2147483647;
			files = (
			);
			inputPaths = (
			);
			name = "Embed Pods Frameworks";
			outputPaths = (
			);
			runOnlyForDeploymentPostprocessing = 0;
			shellPath = /bin/sh;
			shellScript = "\"${SRCROOT}/Pods/Target Support Files/Pods-RaceDataTests/Pods-RaceDataTests-frameworks.sh\"\n";
			showEnvVarsInLog = 0;
		};
		E991A4B62042DCB3F300AD32 /* Check Pods Manifest.lock */ = {
			isa = PBXShellScriptBuildPhase;
			buildActionMask = 2147483647;
			files = (
			);
			inputPaths = (
			);
			name = "Check Pods Manifest.lock";
			outputPaths = (
			);
			runOnlyForDeploymentPostprocessing = 0;
			shellPath = /bin/sh;
			shellScript = "diff \"${PODS_ROOT}/../Podfile.lock\" \"${PODS_ROOT}/Manifest.lock\" > /dev/null\nif [[ $? != 0 ]] ; then\n    cat << EOM\nerror: The sandbox is not in sync with the Podfile.lock. Run 'pod install' or update your CocoaPods installation.\nEOM\n    exit 1\nfi\n";
			showEnvVarsInLog = 0;
		};
		F1AABDCAB3E1BE6E262ED24F /* Copy Pods Resources */ = {
			isa = PBXShellScriptBuildPhase;
			buildActionMask = 2147483647;
			files = (
			);
			inputPaths = (
			);
			name = "Copy Pods Resources";
			outputPaths = (
			);
			runOnlyForDeploymentPostprocessing = 0;
			shellPath = /bin/sh;
			shellScript = "\"${SRCROOT}/Pods/Target Support Files/Pods-RaceDataTests/Pods-RaceDataTests-resources.sh\"\n";
			showEnvVarsInLog = 0;
		};
/* End PBXShellScriptBuildPhase section */

/* Begin PBXSourcesBuildPhase section */
		F58FE7BC1C1C66980098D8CE /* Sources */ = {
			isa = PBXSourcesBuildPhase;
			buildActionMask = 2147483647;
			files = (
				F58FE7C81C1C66980098D8CE /* AppDelegate.m in Sources */,
				F58FE7C51C1C66980098D8CE /* main.m in Sources */,
				6FCA96B1EDA38574843F245C /* RDRaceInfoAssembly.m in Sources */,
				6A35ADECABDC6DE0C994AFFD /* RDRaceInfoViewController.m in Sources */,
				89633CFED7A9A032B02A6F5F /* RDRaceInfoPresenter.m in Sources */,
				DDA4A46AC6ABA7703163E531 /* RDRaceInfoInteractor.m in Sources */,
				53268D0D72936815D1F90016 /* RDRaceInfoRouter.m in Sources */,
			);
			runOnlyForDeploymentPostprocessing = 0;
		};
		F58FE7D51C1C66980098D8CE /* Sources */ = {
			isa = PBXSourcesBuildPhase;
			buildActionMask = 2147483647;
			files = (
				F58FE7DE1C1C66980098D8CE /* RaceDataTests.m in Sources */,
				71F725CE71231A377F37CAC8 /* RDRaceInfoAssemblyTests.m in Sources */,
				423E56FF19DE8D87A0ACA989 /* RDRaceInfoViewControllerTests.m in Sources */,
				55E3A35BBB2D00E6D4067D94 /* RDRaceInfoPresenterTests.m in Sources */,
				DC927A50CB78E133DF5C8818 /* RDRaceInfoInteractorTests.m in Sources */,
				A291AAD9579617DAD6912114 /* RDRaceInfoRouterTests.m in Sources */,
			);
			runOnlyForDeploymentPostprocessing = 0;
		};
/* End PBXSourcesBuildPhase section */

/* Begin PBXTargetDependency section */
		F58FE7DB1C1C66980098D8CE /* PBXTargetDependency */ = {
			isa = PBXTargetDependency;
			target = F58FE7BF1C1C66980098D8CE /* RaceData */;
			targetProxy = F58FE7DA1C1C66980098D8CE /* PBXContainerItemProxy */;
		};
/* End PBXTargetDependency section */

/* Begin PBXVariantGroup section */
		F58FE7CC1C1C66980098D8CE /* Main.storyboard */ = {
			isa = PBXVariantGroup;
			children = (
				F58FE7CD1C1C66980098D8CE /* Base */,
			);
			name = Main.storyboard;
			sourceTree = "<group>";
		};
		F58FE7D11C1C66980098D8CE /* LaunchScreen.storyboard */ = {
			isa = PBXVariantGroup;
			children = (
				F58FE7D21C1C66980098D8CE /* Base */,
			);
			name = LaunchScreen.storyboard;
			sourceTree = "<group>";
		};
/* End PBXVariantGroup section */

/* Begin XCBuildConfiguration section */
		F58FE7E01C1C66980098D8CE /* Debug */ = {
			isa = XCBuildConfiguration;
			buildSettings = {
				ALWAYS_SEARCH_USER_PATHS = NO;
				CLANG_CXX_LANGUAGE_STANDARD = "gnu++0x";
				CLANG_CXX_LIBRARY = "libc++";
				CLANG_ENABLE_MODULES = YES;
				CLANG_ENABLE_OBJC_ARC = YES;
				CLANG_WARN_BOOL_CONVERSION = YES;
				CLANG_WARN_CONSTANT_CONVERSION = YES;
				CLANG_WARN_DIRECT_OBJC_ISA_USAGE = YES_ERROR;
				CLANG_WARN_EMPTY_BODY = YES;
				CLANG_WARN_ENUM_CONVERSION = YES;
				CLANG_WARN_INT_CONVERSION = YES;
				CLANG_WARN_OBJC_ROOT_CLASS = YES_ERROR;
				CLANG_WARN_UNREACHABLE_CODE = YES;
				CLANG_WARN__DUPLICATE_METHOD_MATCH = YES;
				"CODE_SIGN_IDENTITY[sdk=iphoneos*]" = "iPhone Developer";
				COPY_PHASE_STRIP = NO;
				DEBUG_INFORMATION_FORMAT = dwarf;
				ENABLE_STRICT_OBJC_MSGSEND = YES;
				ENABLE_TESTABILITY = YES;
				GCC_C_LANGUAGE_STANDARD = gnu99;
				GCC_DYNAMIC_NO_PIC = NO;
				GCC_NO_COMMON_BLOCKS = YES;
				GCC_OPTIMIZATION_LEVEL = 0;
				GCC_PREPROCESSOR_DEFINITIONS = (
					"DEBUG=1",
					"$(inherited)",
				);
				GCC_WARN_64_TO_32_BIT_CONVERSION = YES;
				GCC_WARN_ABOUT_RETURN_TYPE = YES_ERROR;
				GCC_WARN_UNDECLARED_SELECTOR = YES;
				GCC_WARN_UNINITIALIZED_AUTOS = YES_AGGRESSIVE;
				GCC_WARN_UNUSED_FUNCTION = YES;
				GCC_WARN_UNUSED_VARIABLE = YES;
				IPHONEOS_DEPLOYMENT_TARGET = 9.2;
				MTL_ENABLE_DEBUG_INFO = YES;
				ONLY_ACTIVE_ARCH = YES;
				SDKROOT = iphoneos;
			};
			name = Debug;
		};
		F58FE7E11C1C66980098D8CE /* Release */ = {
			isa = XCBuildConfiguration;
			buildSettings = {
				ALWAYS_SEARCH_USER_PATHS = NO;
				CLANG_CXX_LANGUAGE_STANDARD = "gnu++0x";
				CLANG_CXX_LIBRARY = "libc++";
				CLANG_ENABLE_MODULES = YES;
				CLANG_ENABLE_OBJC_ARC = YES;
				CLANG_WARN_BOOL_CONVERSION = YES;
				CLANG_WARN_CONSTANT_CONVERSION = YES;
				CLANG_WARN_DIRECT_OBJC_ISA_USAGE = YES_ERROR;
				CLANG_WARN_EMPTY_BODY = YES;
				CLANG_WARN_ENUM_CONVERSION = YES;
				CLANG_WARN_INT_CONVERSION = YES;
				CLANG_WARN_OBJC_ROOT_CLASS = YES_ERROR;
				CLANG_WARN_UNREACHABLE_CODE = YES;
				CLANG_WARN__DUPLICATE_METHOD_MATCH = YES;
				"CODE_SIGN_IDENTITY[sdk=iphoneos*]" = "iPhone Developer";
				COPY_PHASE_STRIP = NO;
				DEBUG_INFORMATION_FORMAT = "dwarf-with-dsym";
				ENABLE_NS_ASSERTIONS = NO;
				ENABLE_STRICT_OBJC_MSGSEND = YES;
				GCC_C_LANGUAGE_STANDARD = gnu99;
				GCC_NO_COMMON_BLOCKS = YES;
				GCC_WARN_64_TO_32_BIT_CONVERSION = YES;
				GCC_WARN_ABOUT_RETURN_TYPE = YES_ERROR;
				GCC_WARN_UNDECLARED_SELECTOR = YES;
				GCC_WARN_UNINITIALIZED_AUTOS = YES_AGGRESSIVE;
				GCC_WARN_UNUSED_FUNCTION = YES;
				GCC_WARN_UNUSED_VARIABLE = YES;
				IPHONEOS_DEPLOYMENT_TARGET = 9.2;
				MTL_ENABLE_DEBUG_INFO = NO;
				SDKROOT = iphoneos;
				VALIDATE_PRODUCT = YES;
			};
			name = Release;
		};
		F58FE7E31C1C66980098D8CE /* Debug */ = {
			isa = XCBuildConfiguration;
			baseConfigurationReference = 1759C751891EFCF6798CDE95 /* Pods.debug.xcconfig */;
			buildSettings = {
				ASSETCATALOG_COMPILER_APPICON_NAME = AppIcon;
				INFOPLIST_FILE = RaceData/Info.plist;
				LD_RUNPATH_SEARCH_PATHS = "$(inherited) @executable_path/Frameworks";
				PRODUCT_BUNDLE_IDENTIFIER = com.alaija.RaceData;
				PRODUCT_NAME = "$(TARGET_NAME)";
			};
			name = Debug;
		};
		F58FE7E41C1C66980098D8CE /* Release */ = {
			isa = XCBuildConfiguration;
			baseConfigurationReference = 0D85AD66B79411C6519966D6 /* Pods.release.xcconfig */;
			buildSettings = {
				ASSETCATALOG_COMPILER_APPICON_NAME = AppIcon;
				INFOPLIST_FILE = RaceData/Info.plist;
				LD_RUNPATH_SEARCH_PATHS = "$(inherited) @executable_path/Frameworks";
				PRODUCT_BUNDLE_IDENTIFIER = com.alaija.RaceData;
				PRODUCT_NAME = "$(TARGET_NAME)";
			};
			name = Release;
		};
		F58FE7E61C1C66980098D8CE /* Debug */ = {
			isa = XCBuildConfiguration;
			baseConfigurationReference = 0C76F4F001C43353D3F36073 /* Pods-RaceDataTests.debug.xcconfig */;
			buildSettings = {
				BUNDLE_LOADER = "$(TEST_HOST)";
				INFOPLIST_FILE = RaceDataTests/Info.plist;
				LD_RUNPATH_SEARCH_PATHS = "$(inherited) @executable_path/Frameworks @loader_path/Frameworks";
				PRODUCT_BUNDLE_IDENTIFIER = com.alaija.RaceDataTests;
				PRODUCT_NAME = "$(TARGET_NAME)";
				TEST_HOST = "$(BUILT_PRODUCTS_DIR)/RaceData.app/RaceData";
			};
			name = Debug;
		};
		F58FE7E71C1C66980098D8CE /* Release */ = {
			isa = XCBuildConfiguration;
			baseConfigurationReference = 3DAAA17819F7350C5E3501B0 /* Pods-RaceDataTests.release.xcconfig */;
			buildSettings = {
				BUNDLE_LOADER = "$(TEST_HOST)";
				INFOPLIST_FILE = RaceDataTests/Info.plist;
				LD_RUNPATH_SEARCH_PATHS = "$(inherited) @executable_path/Frameworks @loader_path/Frameworks";
				PRODUCT_BUNDLE_IDENTIFIER = com.alaija.RaceDataTests;
				PRODUCT_NAME = "$(TARGET_NAME)";
				TEST_HOST = "$(BUILT_PRODUCTS_DIR)/RaceData.app/RaceData";
			};
			name = Release;
		};
/* End XCBuildConfiguration section */

/* Begin XCConfigurationList section */
		F58FE7BB1C1C66980098D8CE /* Build configuration list for PBXProject "RaceData" */ = {
			isa = XCConfigurationList;
			buildConfigurations = (
				F58FE7E01C1C66980098D8CE /* Debug */,
				F58FE7E11C1C66980098D8CE /* Release */,
			);
			defaultConfigurationIsVisible = 0;
			defaultConfigurationName = Release;
		};
		F58FE7E21C1C66980098D8CE /* Build configuration list for PBXNativeTarget "RaceData" */ = {
			isa = XCConfigurationList;
			buildConfigurations = (
				F58FE7E31C1C66980098D8CE /* Debug */,
				F58FE7E41C1C66980098D8CE /* Release */,
			);
			defaultConfigurationIsVisible = 0;
			defaultConfigurationName = Release;
		};
		F58FE7E51C1C66980098D8CE /* Build configuration list for PBXNativeTarget "RaceDataTests" */ = {
			isa = XCConfigurationList;
			buildConfigurations = (
				F58FE7E61C1C66980098D8CE /* Debug */,
				F58FE7E71C1C66980098D8CE /* Release */,
			);
			defaultConfigurationIsVisible = 0;
			defaultConfigurationName = Release;
		};
/* End XCConfigurationList section */
	};
	rootObject = F58FE7B81C1C66980098D8CE /* Project object */;
}
